
Microsoft Visual Studio Solution File, Format Version 12.00
# Visual Studio 15
VisualStudioVersion = 15.0.28307.271
MinimumVisualStudioVersion = 10.0.40219.1
Project("{8BC9CEB8-8B4A-11D0-8D11-00A0C91BC942}") = "bathroom_UNO_V2.1", "bathroom_UNO_V2.1.vcxproj", "{C5F80730-F44F-4478-BDAE-6634EFC2CA88}"
EndProject
Project("{8BC9CEB8-8B4A-11D0-8D11-00A0C91BC942}") = "ESP_1.test", "..\ESP_1.test\ESP_1.test.vcxproj", "{7642BA5E-0081-49AF-84B9-FA81013AED6F}"
EndProject
Global
	GlobalSection(SolutionConfigurationPlatforms) = preSolution
		Debug|x86 = Debug|x86
		Release|x86 = Release|x86
	EndGlobalSection
	GlobalSection(ProjectConfigurationPlatforms) = postSolution
		{C5F80730-F44F-4478-BDAE-6634EFC2CA88}.Debug|x86.ActiveCfg = Debug|Win32
		{C5F80730-F44F-4478-BDAE-6634EFC2CA88}.Debug|x86.Build.0 = Debug|Win32
		{C5F80730-F44F-4478-BDAE-6634EFC2CA88}.Release|x86.ActiveCfg = Release|Win32
		{C5F80730-F44F-4478-BDAE-6634EFC2CA88}.Release|x86.Build.0 = Release|Win32
		{7642BA5E-0081-49AF-84B9-FA81013AED6F}.Debug|x86.ActiveCfg = Debug|Win32
		{7642BA5E-0081-49AF-84B9-FA81013AED6F}.Debug|x86.Build.0 = Debug|Win32
		{7642BA5E-0081-49AF-84B9-FA81013AED6F}.Release|x86.ActiveCfg = Release|Win32
		{7642BA5E-0081-49AF-84B9-FA81013AED6F}.Release|x86.Build.0 = Release|Win32
	EndGlobalSection
	GlobalSection(SolutionProperties) = preSolution
		HideSolutionNode = FALSE
	EndGlobalSection
	GlobalSection(ExtensibilityGlobals) = postSolution
		SolutionGuid = {2AD30E9B-53AD-4FA7-B6C3-C84B391CDC13}
	EndGlobalSection
EndGlobal
